{
  "nodes": {
    "dbmate": {
      "flake": false,
      "locked": {
        "lastModified": 1683876671,
        "narHash": "sha256-bWmRdrULXXVIaO5f3rntsVURnyojYFbhbZ43WvGzoZk=",
        "owner": "amacneil",
        "repo": "dbmate",
        "rev": "f4610da0b9bc55d0298ac3be0bbc41a4f988d4c8",
        "type": "github"
      },
      "original": {
        "owner": "amacneil",
        "ref": "v2.3.0",
        "repo": "dbmate",
        "type": "github"
      }
    },
    "flake-utils": {
      "locked": {
        "lastModified": 1667395993,
        "narHash": "sha256-nuEHfE/LcWyuSWnS8t12N1wc105Qtau+/OdUAjtQ0rA=",
        "owner": "numtide",
        "repo": "flake-utils",
        "rev": "5aed5285a952e0b949eb3ba02c12fa4fcfef535f",
        "type": "github"
      },
      "original": {
        "owner": "numtide",
        "repo": "flake-utils",
        "type": "github"
      }
    },
    "grpc-gateway": {
      "flake": false,
      "locked": {
        "lastModified": 1677265818,
        "narHash": "sha256-0fpVSFo+o+M7vwwHIrYQZcAjdZjASdWz/cKXnPr6Je8=",
        "owner": "grpc-ecosystem",
        "repo": "grpc-gateway",
        "rev": "0eb17c3d70415c44406b0f02265ceaad570d6fa3",
        "type": "github"
      },
      "original": {
        "owner": "grpc-ecosystem",
        "ref": "v2.15.2",
        "repo": "grpc-gateway",
        "type": "github"
      }
    },
    "nix-npm-buildpackage": {
      "inputs": {
        "nixpkgs": "nixpkgs"
      },
      "locked": {
        "lastModified": 1668423201,
        "narHash": "sha256-xflwwNUqHYSsfqrXkTmu0lUTPh8ZrA1igcrrc6P3XVc=",
        "owner": "serokell",
        "repo": "nix-npm-buildpackage",
        "rev": "200e47aabd2b55993561c47e8390c89bdeb18b8a",
        "type": "github"
      },
      "original": {
        "owner": "serokell",
        "repo": "nix-npm-buildpackage",
        "type": "github"
      }
    },
    "nixpkgs": {
      "locked": {
        "lastModified": 1653917367,
        "narHash": "sha256-04MsJC0g9kE01nBuXThMppZK+yvCZECQnUaZKSU+HJo=",
        "owner": "NixOS",
        "repo": "nixpkgs",
        "rev": "437c8e6554911095f0557d524e9d2ffe1c26e33a",
        "type": "github"
      },
      "original": {
        "id": "nixpkgs",
        "type": "indirect"
      }
    },
    "nixpkgs_2": {
      "locked": {
        "lastModified": 1669261230,
        "narHash": "sha256-AjddxRPd5y5jge77281P3O8+Cnafj842Xg59rwV4x+0=",
        "owner": "NixOS",
        "repo": "nixpkgs",
        "rev": "8e8b5f3b1e899bf5d250279578c0283705b8cdb4",
        "type": "github"
      },
      "original": {
        "owner": "NixOS",
        "ref": "nixpkgs-unstable",
        "repo": "nixpkgs",
        "type": "github"
      }
    },
    "overmind": {
      "flake": false,
      "locked": {
        "lastModified": 1674829061,
        "narHash": "sha256-cpsTytV1TbvdR7XUKkp4GPD1qyt1qnmY6qOsge01swE=",
        "owner": "DarthSim",
        "repo": "overmind",
        "rev": "401322180d78cc2cf077b90c92fec5e767b796fd",
        "type": "github"
      },
      "original": {
        "owner": "DarthSim",
        "ref": "v2.4.0",
        "repo": "overmind",
        "type": "github"
      }
    },
    "protoc-gen-grpc-gateway-ts": {
      "flake": false,
      "locked": {
        "lastModified": 1655849046,
        "narHash": "sha256-Io9oSOxGkuHZdgdsOcB8onpKfq+2lmV6VumdKwTRhsY=",
        "owner": "grpc-ecosystem",
        "repo": "protoc-gen-grpc-gateway-ts",
        "rev": "36143bb34a4710d2da3b1aefdcd6cd9aa29b30b0",
        "type": "github"
      },
      "original": {
        "owner": "grpc-ecosystem",
        "ref": "v1.1.2",
        "repo": "protoc-gen-grpc-gateway-ts",
        "type": "github"
      }
    },
    "root": {
      "inputs": {
        "dbmate": "dbmate",
        "flake-utils": "flake-utils",
        "grpc-gateway": "grpc-gateway",
        "nix-npm-buildpackage": "nix-npm-buildpackage",
        "nixpkgs": "nixpkgs_2",
        "overmind": "overmind",
        "protoc-gen-grpc-gateway-ts": "protoc-gen-grpc-gateway-ts",
        "sqlc": "sqlc"
      }
    },
    "sqlc": {
      "flake": false,
      "locked": {
        "lastModified": 1682617748,
        "narHash": "sha256-5MC7D9+33x/l76j186FCnzo0Hnx0wY6BPdneW7E7MpE=",
        "owner": "kyleconroy",
        "repo": "sqlc",
        "rev": "e4b1c1873690a5b1006436024f0e6c25166bed76",
        "type": "github"
      },
      "original": {
        "owner": "kyleconroy",
        "ref": "v1.18.0",
        "repo": "sqlc",
        "type": "github"
      }
    }
  },
  "root": "root",
  "version": 7
}
