{
  "nodes": {
    "dbmate": {
      "flake": false,
      "locked": {
        "lastModified": 1649656063,
        "narHash": "sha256-DEQ/nPDoug4LBFFsG5BxS6uDPf3XCy9pG+VSXJYQIaU=",
        "owner": "amacneil",
        "repo": "dbmate",
        "rev": "1613f72c4f9456ebe1b72eb1fa8a55c648a7587a",
        "type": "github"
      },
      "original": {
        "owner": "amacneil",
        "repo": "dbmate",
        "type": "github"
      }
    },
    "flake-utils": {
      "locked": {
        "lastModified": 1649676176,
        "narHash": "sha256-OWKJratjt2RW151VUlJPRALb7OU2S5s+f0vLj4o1bHM=",
        "owner": "numtide",
        "repo": "flake-utils",
        "rev": "a4b154ebbdc88c8498a5c7b01589addc9e9cb678",
        "type": "github"
      },
      "original": {
        "owner": "numtide",
        "repo": "flake-utils",
        "type": "github"
      }
    },
    "nixpkgs": {
      "locked": {
        "lastModified": 1650911318,
        "narHash": "sha256-UvCP5fvt6nsf26Fqr3PSpbpvyC9D1a376BFTg/Z4YH0=",
        "owner": "NixOS",
        "repo": "nixpkgs",
        "rev": "1d395b2c9a82a8bca6f7f67640641c73e833f3d4",
        "type": "github"
      },
      "original": {
        "owner": "NixOS",
        "ref": "nixpkgs-unstable",
        "repo": "nixpkgs",
        "type": "github"
      }
    },
    "overmind": {
      "flake": false,
      "locked": {
        "lastModified": 1627037632,
        "narHash": "sha256-coQRuRXIQV/X3+ruthAZarp+cXNpkPGyIK2HPbGJahU=",
        "owner": "DarthSim",
        "repo": "overmind",
        "rev": "e654d50f630d7b44192f3bb22ef0d5889854d110",
        "type": "github"
      },
      "original": {
        "owner": "DarthSim",
        "repo": "overmind",
        "type": "github"
      }
    },
    "pggen": {
      "flake": false,
      "locked": {
        "lastModified": 1644101690,
        "narHash": "sha256-EnFWnrCWdfJcplHo5jxf9o/v/4qKYxNIbxnrNSesYHw=",
        "owner": "jschaf",
        "repo": "pggen",
        "rev": "1266d15e85c54237d9b58b1a701acd5274bc2c45",
        "type": "github"
      },
      "original": {
        "owner": "jschaf",
        "repo": "pggen",
        "type": "github"
      }
    },
    "quicktemplate": {
      "flake": false,
      "locked": {
        "lastModified": 1631687470,
        "narHash": "sha256-GdsxIhMOfp/5wrtlX+kN0ggkwL0tSI2e8/VXSi/c+nc=",
        "owner": "valyala",
        "repo": "quicktemplate",
        "rev": "dad80a9c2cc0c2a5abfe1bf13935a2a19f313e63",
        "type": "github"
      },
      "original": {
        "owner": "valyala",
        "repo": "quicktemplate",
        "type": "github"
      }
    },
    "root": {
      "inputs": {
        "dbmate": "dbmate",
        "flake-utils": "flake-utils",
        "nixpkgs": "nixpkgs",
        "overmind": "overmind",
        "pggen": "pggen",
        "quicktemplate": "quicktemplate"
      }
    }
  },
  "root": "root",
  "version": 7
}
